{
  "name": "json-complete-benchmarking",
  "version": "1.0.0",
  "lockfileVersion": 1,
  "requires": true,
  "dependencies": {
    "@msgpack/msgpack": {
      "version": "1.8.0",
      "resolved": "https://registry.npmjs.org/@msgpack/msgpack/-/msgpack-1.8.0.tgz",
      "integrity": "sha512-8Mq4W7tXVg4JI6uzRcDHvTMUbMPuSBnY49zdo/gV0AsaThLpQLcEw6nkkBlvwaM0J6/SwB3VpwkXB54TpthYhA==",
      "requires": {
        "base64-js": "^1.3.0"
      }
    },
    "@ungap/global-this": {
      "version": "0.3.1",
      "resolved": "https://registry.npmjs.org/@ungap/global-this/-/global-this-0.3.1.tgz",
      "integrity": "sha512-6gxLxSsXmt3XcC2p0mRjeHOtZemfs/IswAyWJZU0b8UvCQAegRpjSrQK0Y+u3OQQ3V0ZYQkHVCV9V3dxnlJ5Zw=="
    },
    "altjson": {
      "version": "1.0.0",
      "resolved": "https://registry.npmjs.org/altjson/-/altjson-1.0.0.tgz",
      "integrity": "sha1-k1N36SoVeH1TUdmh8YYLrMvC2wI=",
      "requires": {
        "text-encoding": "^0"
      }
    },
    "base64-js": {
      "version": "1.3.1",
      "resolved": "https://registry.npmjs.org/base64-js/-/base64-js-1.3.1.tgz",
      "integrity": "sha512-mLQ4i2QO1ytvGWFWmcngKO//JXAQueZvwEKtjgQFM4jIK0kU+ytMfplL8j+n5mspOfjHwoAg+9yhb7BwAHm36g=="
    },
    "benchmark": {
      "version": "2.1.4",
      "resolved": "https://registry.npmjs.org/benchmark/-/benchmark-2.1.4.tgz",
      "integrity": "sha1-CfPeMckWQl1JjMLuVloOvzwqVik=",
      "dev": true,
      "requires": {
        "lodash": "^4.17.4",
        "platform": "^1.3.3"
      }
    },
    "bson": {
      "version": "4.0.2",
      "resolved": "https://registry.npmjs.org/bson/-/bson-4.0.2.tgz",
      "integrity": "sha512-rBdCxMBCg2aR420e1oKUejjcuPZLTibA7zEhWAlliFWEwzuBCC9Dkp5r7VFFIQB2t1WVsvTbohry575mc7Xw5A==",
      "requires": {
        "buffer": "^5.1.0",
        "long": "^4.0.0"
      },
      "dependencies": {
        "long": {
          "version": "4.0.0",
          "resolved": "https://registry.npmjs.org/long/-/long-4.0.0.tgz",
          "integrity": "sha512-XsP+KhQif4bjX1kbuSiySJFNAehNxgLb6hPRGJ9QsUr8ajHkuXGdrHmFUTUUXhDwVX2R5bY4JNZEwbUiMhV+MA=="
        }
      }
    },
    "buffer": {
      "version": "5.4.0",
      "resolved": "https://registry.npmjs.org/buffer/-/buffer-5.4.0.tgz",
      "integrity": "sha512-Xpgy0IwHK2N01ncykXTy6FpCWuM+CJSHoPVBLyNqyrWxsedpLvwsYUhf0ME3WRFNUhos0dMamz9cOS/xRDtU5g==",
      "requires": {
        "base64-js": "^1.0.2",
        "ieee754": "^1.1.4"
      }
    },
    "bufferview": {
      "version": "1.0.1",
      "resolved": "https://registry.npmjs.org/bufferview/-/bufferview-1.0.1.tgz",
      "integrity": "sha1-ev10pF+Tf6QiodM4wIu/3HbNcl0="
    },
    "bytebuffer": {
      "version": "3.5.5",
      "resolved": "https://registry.npmjs.org/bytebuffer/-/bytebuffer-3.5.5.tgz",
      "integrity": "sha1-em+vGhNRSwg/H8+VQcTJv75+f9M=",
      "requires": {
        "bufferview": "~1",
        "long": "~2 >=2.2.3"
      }
    },
    "circularjs": {
      "version": "0.1.3",
      "resolved": "https://registry.npmjs.org/circularjs/-/circularjs-0.1.3.tgz",
      "integrity": "sha1-eK3u4Fmwuv4Lc5Z6/CGmIl++I+Y=",
      "requires": {
        "underscore": "~1.6.0"
      }
    },
    "coffee-script": {
      "version": "1.6.3",
      "resolved": "https://registry.npmjs.org/coffee-script/-/coffee-script-1.6.3.tgz",
      "integrity": "sha1-Y1XTLPGwTN/2tITl5xF4Ky8MOb4="
    },
    "cryo": {
      "version": "0.0.6",
      "resolved": "https://registry.npmjs.org/cryo/-/cryo-0.0.6.tgz",
      "integrity": "sha1-FoMyldLuFv85cR24QGF7euSvC6Q="
    },
    "dom-walk": {
      "version": "0.1.1",
      "resolved": "https://registry.npmjs.org/dom-walk/-/dom-walk-0.1.1.tgz",
      "integrity": "sha1-ZyIm3HTI95mtNTB9+TaroRrNYBg="
    },
    "esprima": {
      "version": "1.0.4",
      "resolved": "https://registry.npmjs.org/esprima/-/esprima-1.0.4.tgz",
      "integrity": "sha1-n1V+CPw7TSbs6d00+Pv0drYlha0="
    },
    "fast-json-stable-stringify": {
      "version": "2.0.0",
      "resolved": "https://registry.npmjs.org/fast-json-stable-stringify/-/fast-json-stable-stringify-2.0.0.tgz",
      "integrity": "sha1-1RQsDK7msRifh9OnYREGT4bIu/I="
    },
    "fast-safe-stringify": {
      "version": "2.0.6",
      "resolved": "https://registry.npmjs.org/fast-safe-stringify/-/fast-safe-stringify-2.0.6.tgz",
      "integrity": "sha512-q8BZ89jjc+mz08rSxROs8VsrBBcn1SIw1kq9NjolL509tkABRk9io01RAjSaEv1Xb2uFLt8VtRiZbGp5H8iDtg=="
    },
    "flatted": {
      "version": "2.0.1",
      "resolved": "https://registry.npmjs.org/flatted/-/flatted-2.0.1.tgz",
      "integrity": "sha512-a1hQMktqW9Nmqr5aktAux3JMNqaucxGcjtjWnZLHX7yyPCmlSV3M54nGYbqT8K+0GhF3NBgmJCc3ma+WOgX8Jg=="
    },
    "function-bind": {
      "version": "1.1.1",
      "resolved": "https://registry.npmjs.org/function-bind/-/function-bind-1.1.1.tgz",
      "integrity": "sha512-yIovAzMX49sF8Yl58fSCWJ5svSLuaibPxXQJFLmBObTuCr0Mf1KiPopGM9NiFjiYBCbfaa2Fh6breQ6ANVTI0A=="
    },
    "global": {
      "version": "4.4.0",
      "resolved": "https://registry.npmjs.org/global/-/global-4.4.0.tgz",
      "integrity": "sha512-wv/LAoHdRE3BeTGz53FAamhGlPLhlssK45usmGFThIi4XqnBmjKQ16u+RNbP7WvigRZDxUsM0J3gcQ5yicaL0w==",
      "requires": {
        "min-document": "^2.19.0",
        "process": "^0.11.10"
      }
    },
    "gson": {
      "version": "0.1.5",
      "resolved": "https://registry.npmjs.org/gson/-/gson-0.1.5.tgz",
      "integrity": "sha1-l3KMekUhqiOzecaR5q2Qo9VIruA=",
      "requires": {
        "circularjs": "~0.1.0"
      }
    },
    "has": {
      "version": "1.0.3",
      "resolved": "https://registry.npmjs.org/has/-/has-1.0.3.tgz",
      "integrity": "sha512-f2dvO0VU6Oej7RkWJGrehjbzMAjFp5/VKPp5tTpWIV4JHHZK1/BxbFRtf/siA2SWTe09caDmVtYYzWEIbBS4zw==",
      "requires": {
        "function-bind": "^1.1.1"
      }
    },
    "has-symbols": {
      "version": "1.0.0",
      "resolved": "https://registry.npmjs.org/has-symbols/-/has-symbols-1.0.0.tgz",
      "integrity": "sha1-uhqPGvKg/DllD1yFA2dwQSIGO0Q="
    },
    "hydrate": {
      "version": "1.0.0",
      "resolved": "https://registry.npmjs.org/hydrate/-/hydrate-1.0.0.tgz",
      "integrity": "sha1-shkoYMTNaf5bRK2a9RCK5QDg4C8=",
      "requires": {
        "coffee-script": "1.6.x"
      }
    },
    "ieee754": {
      "version": "1.1.13",
      "resolved": "https://registry.npmjs.org/ieee754/-/ieee754-1.1.13.tgz",
      "integrity": "sha512-4vf7I2LYV/HaWerSo3XmlMkp5eZ83i+/CDluXi/IGTs/O1sejBNhTtnxzmRZfvOUqj7lZjqHkeTvpgSFDlWZTg=="
    },
    "is-function": {
      "version": "1.0.1",
      "resolved": "https://registry.npmjs.org/is-function/-/is-function-1.0.1.tgz",
      "integrity": "sha1-Es+5i2W1fdPRk6MSH19uL0N2ArU="
    },
    "is-regex": {
      "version": "1.0.4",
      "resolved": "https://registry.npmjs.org/is-regex/-/is-regex-1.0.4.tgz",
      "integrity": "sha1-VRdIm1RwkbCTDglWVM7SXul+lJE=",
      "requires": {
        "has": "^1.0.1"
      }
    },
    "is-symbol": {
      "version": "1.0.2",
      "resolved": "https://registry.npmjs.org/is-symbol/-/is-symbol-1.0.2.tgz",
      "integrity": "sha512-HS8bZ9ox60yCJLH9snBpIwv9pYUAkcuLhSA1oero1UB5y9aiQpRA8y2ex945AOtCZL1lJDeIk3G5LthswI46Lw==",
      "requires": {
        "has-symbols": "^1.0.0"
      }
    },
    "isobject": {
      "version": "3.0.1",
      "resolved": "https://registry.npmjs.org/isobject/-/isobject-3.0.1.tgz",
      "integrity": "sha1-TkMekrEalzFjaqH5yNHMvP2reN8="
    },
    "ison": {
      "version": "0.0.20",
      "resolved": "https://registry.npmjs.org/ison/-/ison-0.0.20.tgz",
      "integrity": "sha512-+mkBzTlffCT17+sGP4m/4IWAJJrTRo+h+DfCsVoyCLFLjg3kDq8J+p9T7pTEKvsETTRh2ZVoVPJ0LNiWolbbyA=="
    },
    "json-complete": {
      "version": "2.0.0",
      "resolved": "https://registry.npmjs.org/json-complete/-/json-complete-2.0.0.tgz",
      "integrity": "sha512-28Ruv23Jl6rNF4RYCU62wmSHnFbveuukrSMLQkEEKv4YOVG+oL+4z2jgviwXFuF/iFr0UAgZ/LrVYHXKi6THXA=="
    },
    "json-cycle": {
      "version": "1.3.0",
      "resolved": "https://registry.npmjs.org/json-cycle/-/json-cycle-1.3.0.tgz",
      "integrity": "sha512-FD/SedD78LCdSvJaOUQAXseT8oQBb5z6IVYaQaCrVUlu9zOAr1BDdKyVYQaSD/GDsAMrXpKcOyBD4LIl8nfjHw=="
    },
    "json-helpers": {
      "version": "2.1.0",
      "resolved": "https://registry.npmjs.org/json-helpers/-/json-helpers-2.1.0.tgz",
      "integrity": "sha512-VAfhYiZsTpzRU7jXY8/zpF/G63EtfDAH1Z6mxbsMDZRZU2YdjiNOQj4RT6VZD4aSLgEwKD4S2cI/U7MCPY4BRQ=="
    },
    "json-literal": {
      "version": "1.1.0",
      "resolved": "https://registry.npmjs.org/json-literal/-/json-literal-1.1.0.tgz",
      "integrity": "sha1-YL1PxgHBQIgUki0uQqxPI9pldAY=",
      "requires": {
        "esprima": "~1.0.3",
        "type-of": "~2.0.0"
      }
    },
    "json-stable-stringify": {
      "version": "1.0.1",
      "resolved": "https://registry.npmjs.org/json-stable-stringify/-/json-stable-stringify-1.0.1.tgz",
      "integrity": "sha1-mnWdOcXy/1A/1TAGRu1EX4jE+a8=",
      "requires": {
        "jsonify": "~0.0.0"
      }
    },
    "json-stringify-date": {
      "version": "0.1.8",
      "resolved": "https://registry.npmjs.org/json-stringify-date/-/json-stringify-date-0.1.8.tgz",
      "integrity": "sha512-/Da/lCjgPhIavX01q+FNahaRsoMO54c1zeYUhTC/FzX3rbztJa/V1xCb651h88Kt3K9yZDRMSgse7kS80tgCXA==",
      "requires": {
        "json-stringify-safe": "~5.0.0",
        "moment": "^2.9.0"
      }
    },
    "json-stringify-safe": {
      "version": "5.0.1",
      "resolved": "https://registry.npmjs.org/json-stringify-safe/-/json-stringify-safe-5.0.1.tgz",
      "integrity": "sha1-Epai1Y/UXxmg9s4B1lcB4sc1tus="
    },
    "json3": {
      "version": "3.3.3",
      "resolved": "https://registry.npmjs.org/json3/-/json3-3.3.3.tgz",
      "integrity": "sha512-c7/8mbUsKigAbLkD5B010BK4D9LZm7A1pNItkEwiUZRpIN66exu/e7YQWysGun+TRKaJp8MhemM+VkfWv42aCA=="
    },
    "json5": {
      "version": "2.1.0",
      "resolved": "https://registry.npmjs.org/json5/-/json5-2.1.0.tgz",
      "integrity": "sha512-8Mh9h6xViijj36g7Dxi+Y4S6hNGV96vcJZr/SrlHh1LR/pEn/8j/+qIBbs44YKl69Lrfctp4QD+AdWLTMqEZAQ==",
      "requires": {
        "minimist": "^1.2.0"
      }
    },
    "json7": {
      "version": "0.2.0",
      "resolved": "https://registry.npmjs.org/json7/-/json7-0.2.0.tgz",
      "integrity": "sha1-302ezBii+3//ZMYJvdM7dlTwO8g=",
      "requires": {
        "lodash": "^4.13.1",
        "recursive-iterator": "^2.0.1"
      }
    },
    "jsonify": {
      "version": "0.0.0",
      "resolved": "https://registry.npmjs.org/jsonify/-/jsonify-0.0.0.tgz",
      "integrity": "sha1-LHS27kHZPKUbe1qu6PUDYx0lKnM="
    },
    "kson": {
      "version": "0.0.3",
      "resolved": "https://registry.npmjs.org/kson/-/kson-0.0.3.tgz",
      "integrity": "sha1-7D94y241uKqy4qEwl8+Lm6AZJmo="
    },
    "lodash": {
      "version": "4.17.15",
      "resolved": "https://registry.npmjs.org/lodash/-/lodash-4.17.15.tgz",
      "integrity": "sha512-8xOcRHvCjnocdS5cpwXQXVzmmh5e5+saE2QGoeQmbKmRS6J3VQppPOIt0MnmE+4xlZoumy0GPG0D0MVIQbNA1A=="
    },
    "long": {
      "version": "2.4.0",
      "resolved": "https://registry.npmjs.org/long/-/long-2.4.0.tgz",
      "integrity": "sha1-n6GAux2VAM3CnEFWdmoZleH0Uk8="
    },
    "map-or-similar": {
      "version": "1.5.0",
      "resolved": "https://registry.npmjs.org/map-or-similar/-/map-or-similar-1.5.0.tgz",
      "integrity": "sha1-beJlMXSt+12e3DPGnT6Sobdvrwg="
    },
    "memoizerific": {
      "version": "1.11.3",
      "resolved": "https://registry.npmjs.org/memoizerific/-/memoizerific-1.11.3.tgz",
      "integrity": "sha1-fIekZGREwy11Q4VwkF8tvRsagFo=",
      "requires": {
        "map-or-similar": "^1.5.0"
      }
    },
    "min-document": {
      "version": "2.19.0",
      "resolved": "https://registry.npmjs.org/min-document/-/min-document-2.19.0.tgz",
      "integrity": "sha1-e9KC4/WELtKVu3SM3Z8f+iyCRoU=",
      "requires": {
        "dom-walk": "^0.1.0"
      }
    },
    "minimist": {
      "version": "1.2.0",
      "resolved": "https://registry.npmjs.org/minimist/-/minimist-1.2.0.tgz",
      "integrity": "sha1-o1AIsg9BOD7sH7kU9M1d95omQoQ="
    },
    "moment": {
      "version": "2.24.0",
      "resolved": "https://registry.npmjs.org/moment/-/moment-2.24.0.tgz",
      "integrity": "sha512-bV7f+6l2QigeBBZSM/6yTNq4P2fNpSWj/0e7jQcy87A8e7o2nAfP/34/2ky5Vw4B9S446EtIhodAzkFCcR4dQg=="
    },
    "pegjs": {
      "version": "0.8.0",
      "resolved": "https://registry.npmjs.org/pegjs/-/pegjs-0.8.0.tgz",
      "integrity": "sha1-l28GfaE+XFsVAcAXklZoolOBFWE="
    },
    "platform": {
      "version": "1.3.5",
      "resolved": "https://registry.npmjs.org/platform/-/platform-1.3.5.tgz",
      "integrity": "sha512-TuvHS8AOIZNAlE77WUDiR4rySV/VMptyMfcfeoMgs4P8apaZM3JrnbzBiixKUv+XR6i+BXrQh8WAnjaSPFO65Q==",
      "dev": true
    },
    "process": {
      "version": "0.11.10",
      "resolved": "https://registry.npmjs.org/process/-/process-0.11.10.tgz",
      "integrity": "sha1-czIwDoQBYb2j5podHZGn1LwW8YI="
    },
    "pson": {
      "version": "2.0.0",
      "resolved": "https://registry.npmjs.org/pson/-/pson-2.0.0.tgz",
      "integrity": "sha1-kgCot5VKU/B3PjZo2wNBJkWVOHo=",
      "requires": {
        "bytebuffer": "~3"
      }
    },
    "qjson": {
      "version": "0.0.2",
      "resolved": "https://registry.npmjs.org/qjson/-/qjson-0.0.2.tgz",
      "integrity": "sha1-gAerIOvqfzTZDWO7MZ9GiYUku+c="
    },
    "recursive-iterator": {
      "version": "2.0.3",
      "resolved": "https://registry.npmjs.org/recursive-iterator/-/recursive-iterator-2.0.3.tgz",
      "integrity": "sha1-0ODSx+eoMQnXMJHPBD/FCeWnbcM="
    },
    "resurrect-js": {
      "version": "1.0.1",
      "resolved": "https://registry.npmjs.org/resurrect-js/-/resurrect-js-1.0.1.tgz",
      "integrity": "sha1-bw9kQrtgwiJeGdxG6XKhQY1SU0I="
    },
    "rrjson": {
      "version": "1.0.1",
      "resolved": "https://registry.npmjs.org/rrjson/-/rrjson-1.0.1.tgz",
      "integrity": "sha1-BE+ZIaMmHBiyokHO4p8FFOEi+tI="
    },
    "rson": {
      "version": "1.6.3",
      "resolved": "https://registry.npmjs.org/rson/-/rson-1.6.3.tgz",
      "integrity": "sha512-HCbxVO+pN/p+jDQWSnAR0R+R1Grw/v9BTEUX2DT7jNZZyP/2FbvyguHtOWSHTQ2Lm92n4QoN1YLPYI1c5wrUFQ=="
    },
    "serialize-javascript": {
      "version": "1.7.0",
      "resolved": "https://registry.npmjs.org/serialize-javascript/-/serialize-javascript-1.7.0.tgz",
      "integrity": "sha512-ke8UG8ulpFOxO8f8gRYabHQe/ZntKlcig2Mp+8+URDP1D8vJZ0KUt7LYo07q25Z/+JVSgpr/cui9PIp5H6/+nA=="
    },
    "serialize-to-js": {
      "version": "3.0.0",
      "resolved": "https://registry.npmjs.org/serialize-to-js/-/serialize-to-js-3.0.0.tgz",
      "integrity": "sha512-WdGgi0jGnWCQXph2p3vkxceDnTfvfyXfYxherQMRcZjSaJzMQdMBAW6i0nojsBKIZ3fFOztZKKVbbm05VbIdRA=="
    },
    "snapshot": {
      "version": "0.0.0",
      "resolved": "https://registry.npmjs.org/snapshot/-/snapshot-0.0.0.tgz",
      "integrity": "sha1-y2M+g4+R/VS5pK7hAAoalNTB9f8="
    },
    "telejson": {
      "version": "2.2.2",
      "resolved": "https://registry.npmjs.org/telejson/-/telejson-2.2.2.tgz",
      "integrity": "sha512-YyNwnKY0ilabOwYgC/J754En1xOe5PBIUIw+C9e0+5HjVVcnQE5/gdu2yET2pmSbp5bxIDqYNjvndj2PUkIiYA==",
      "requires": {
        "global": "^4.3.2",
        "is-function": "^1.0.1",
        "is-regex": "^1.0.4",
        "is-symbol": "^1.0.2",
        "isobject": "^3.0.1",
        "lodash": "^4.17.11",
        "memoizerific": "^1.11.3"
      }
    },
    "text-encoding": {
      "version": "0.7.0",
      "resolved": "https://registry.npmjs.org/text-encoding/-/text-encoding-0.7.0.tgz",
      "integrity": "sha512-oJQ3f1hrOnbRLOcwKz0Liq2IcrvDeZRHXhd9RgLrsT+DjWY/nty1Hi7v3dtkaEYbPYe0mUoOfzRrMwfXXwgPUA=="
    },
    "type-of": {
      "version": "2.0.1",
      "resolved": "https://registry.npmjs.org/type-of/-/type-of-2.0.1.tgz",
      "integrity": "sha1-5yoXQYllaOn2KDeNgW1pEvfyOXI="
    },
    "underscore": {
      "version": "1.6.0",
      "resolved": "https://registry.npmjs.org/underscore/-/underscore-1.6.0.tgz",
      "integrity": "sha1-izixDKze9jM3uLJOT/htRa6lKag="
    },
    "xson": {
      "version": "0.0.6",
      "resolved": "https://registry.npmjs.org/xson/-/xson-0.0.6.tgz",
      "integrity": "sha1-VjoB8os7Pzwl8cfWVbfFJme/L1Q=",
      "requires": {
        "pegjs": "~0.8.0"
      }
    },
    "zson": {
      "version": "0.1.3",
      "resolved": "https://registry.npmjs.org/zson/-/zson-0.1.3.tgz",
      "integrity": "sha1-mmbk7K9fQbevzQ+3PNhbSaEuiy4="
    }
  }
}
